// !$*UTF8*$!
{
	archiveVersion = 1;
	classes = {
	};
	objectVersion = 50;
	objects = {

/* Begin PBXBuildFile section */
		2FF7152F2236DDB0007C9B36 /* Assets.xcassets in Resources */ = {isa = PBXBuildFile; fileRef = 2FF7152E2236DDAF007C9B36 /* Assets.xcassets */; };
		2FF71533223702F2007C9B36 /* CloudKit.framework in Frameworks */ = {isa = PBXBuildFile; fileRef = 2FF71532223702F2007C9B36 /* CloudKit.framework */; };
		2FF7153522370323007C9B36 /* CloudKitManager.swift in Sources */ = {isa = PBXBuildFile; fileRef = 2FF7153422370323007C9B36 /* CloudKitManager.swift */; };
		2FF7155E22380DF7007C9B36 /* Event.swift in Sources */ = {isa = PBXBuildFile; fileRef = 2FF7155A22380DF7007C9B36 /* Event.swift */; };
		2FF7155F22380DF7007C9B36 /* UserController.swift in Sources */ = {isa = PBXBuildFile; fileRef = 2FF7155B22380DF7007C9B36 /* UserController.swift */; };
		2FF7156022380DF7007C9B36 /* EventController.swift in Sources */ = {isa = PBXBuildFile; fileRef = 2FF7155C22380DF7007C9B36 /* EventController.swift */; };
		2FF7156122380DF7007C9B36 /* User.swift in Sources */ = {isa = PBXBuildFile; fileRef = 2FF7155D22380DF7007C9B36 /* User.swift */; };
		2FF7157122380EAE007C9B36 /* CreateEventPage1ViewController.swift in Sources */ = {isa = PBXBuildFile; fileRef = 2FF7157022380EAE007C9B36 /* CreateEventPage1ViewController.swift */; };
		EDC459352236D26200B49392 /* AppDelegate.swift in Sources */ = {isa = PBXBuildFile; fileRef = EDC459342236D26200B49392 /* AppDelegate.swift */; };
		EDC4593F2236D26300B49392 /* LaunchScreen.storyboard in Resources */ = {isa = PBXBuildFile; fileRef = EDC4593D2236D26300B49392 /* LaunchScreen.storyboard */; };
		EDC459482236D64400B49392 /* MainFeed.storyboard in Resources */ = {isa = PBXBuildFile; fileRef = EDC459462236D64400B49392 /* MainFeed.storyboard */; };
		EDC4594A2236D6A700B49392 /* Invitations.storyboard in Resources */ = {isa = PBXBuildFile; fileRef = EDC459492236D6A700B49392 /* Invitations.storyboard */; };
		EDC4594D2236D71700B49392 /* CreateEvent.storyboard in Resources */ = {isa = PBXBuildFile; fileRef = EDC4594B2236D71700B49392 /* CreateEvent.storyboard */; };
		EDC4594F2236D7A600B49392 /* UserProfile.storyboard in Resources */ = {isa = PBXBuildFile; fileRef = EDC4594E2236D7A600B49392 /* UserProfile.storyboard */; };
/* End PBXBuildFile section */

/* Begin PBXFileReference section */
		2FF7152E2236DDAF007C9B36 /* Assets.xcassets */ = {isa = PBXFileReference; lastKnownFileType = folder.assetcatalog; path = Assets.xcassets; sourceTree = "<group>"; };
		2FF71530223702EF007C9B36 /* Photobox.entitlements */ = {isa = PBXFileReference; lastKnownFileType = text.plist.entitlements; path = Photobox.entitlements; sourceTree = "<group>"; };
		2FF71532223702F2007C9B36 /* CloudKit.framework */ = {isa = PBXFileReference; lastKnownFileType = wrapper.framework; name = CloudKit.framework; path = System/Library/Frameworks/CloudKit.framework; sourceTree = SDKROOT; };
		2FF7153422370323007C9B36 /* CloudKitManager.swift */ = {isa = PBXFileReference; lastKnownFileType = sourcecode.swift; path = CloudKitManager.swift; sourceTree = "<group>"; };
		2FF7155A22380DF7007C9B36 /* Event.swift */ = {isa = PBXFileReference; fileEncoding = 4; lastKnownFileType = sourcecode.swift; path = Event.swift; sourceTree = "<group>"; };
		2FF7155B22380DF7007C9B36 /* UserController.swift */ = {isa = PBXFileReference; fileEncoding = 4; lastKnownFileType = sourcecode.swift; path = UserController.swift; sourceTree = "<group>"; };
		2FF7155C22380DF7007C9B36 /* EventController.swift */ = {isa = PBXFileReference; fileEncoding = 4; lastKnownFileType = sourcecode.swift; path = EventController.swift; sourceTree = "<group>"; };
		2FF7155D22380DF7007C9B36 /* User.swift */ = {isa = PBXFileReference; fileEncoding = 4; lastKnownFileType = sourcecode.swift; path = User.swift; sourceTree = "<group>"; };
		2FF7156722380E8D007C9B36 /* FeedDetailViewController.swift */ = {isa = PBXFileReference; lastKnownFileType = sourcecode.swift; path = FeedDetailViewController.swift; sourceTree = "<group>"; };
		2FF7156822380E8D007C9B36 /* SettingViewController.swift */ = {isa = PBXFileReference; lastKnownFileType = sourcecode.swift; path = SettingViewController.swift; sourceTree = "<group>"; };
		2FF7156922380E8D007C9B36 /* ActivityLogTableViewController.swift */ = {isa = PBXFileReference; lastKnownFileType = sourcecode.swift; path = ActivityLogTableViewController.swift; sourceTree = "<group>"; };
		2FF7156A22380E8D007C9B36 /* MainFeedTableViewController.swift */ = {isa = PBXFileReference; lastKnownFileType = sourcecode.swift; path = MainFeedTableViewController.swift; sourceTree = "<group>"; };
		2FF7156B22380E8D007C9B36 /* EventTableViewCell.swift */ = {isa = PBXFileReference; lastKnownFileType = sourcecode.swift; path = EventTableViewCell.swift; sourceTree = "<group>"; };
		2FF7156C22380E8D007C9B36 /* EventPhotosCollectionViewController.swift */ = {isa = PBXFileReference; lastKnownFileType = sourcecode.swift; path = EventPhotosCollectionViewController.swift; sourceTree = "<group>"; };
		2FF7156D22380E8D007C9B36 /* AttendeeEditViewController.swift */ = {isa = PBXFileReference; lastKnownFileType = sourcecode.swift; path = AttendeeEditViewController.swift; sourceTree = "<group>"; };
		2FF7156E22380E8D007C9B36 /* SegmentedControlViewController.swift */ = {isa = PBXFileReference; lastKnownFileType = sourcecode.swift; path = SegmentedControlViewController.swift; sourceTree = "<group>"; };
		2FF7157022380EAE007C9B36 /* CreateEventPage1ViewController.swift */ = {isa = PBXFileReference; fileEncoding = 4; lastKnownFileType = sourcecode.swift; path = CreateEventPage1ViewController.swift; sourceTree = "<group>"; };
		2FF715752238101E007C9B36 /* Main.storyboard */ = {isa = PBXFileReference; lastKnownFileType = file.storyboard; path = Main.storyboard; sourceTree = "<group>"; };
		EDC459312236D26200B49392 /* Photobox.app */ = {isa = PBXFileReference; explicitFileType = wrapper.application; includeInIndex = 0; path = Photobox.app; sourceTree = BUILT_PRODUCTS_DIR; };
		EDC459342236D26200B49392 /* AppDelegate.swift */ = {isa = PBXFileReference; lastKnownFileType = sourcecode.swift; path = AppDelegate.swift; sourceTree = "<group>"; };
		EDC4593E2236D26300B49392 /* Base */ = {isa = PBXFileReference; lastKnownFileType = file.storyboard; name = Base; path = Base.lproj/LaunchScreen.storyboard; sourceTree = "<group>"; };
		EDC459402236D26300B49392 /* Info.plist */ = {isa = PBXFileReference; lastKnownFileType = text.plist.xml; path = Info.plist; sourceTree = "<group>"; };
		EDC459472236D64400B49392 /* Base */ = {isa = PBXFileReference; lastKnownFileType = file.storyboard; name = Base; path = Photobox/Base.lproj/MainFeed.storyboard; sourceTree = "<group>"; };
		EDC459492236D6A700B49392 /* Invitations.storyboard */ = {isa = PBXFileReference; fileEncoding = 4; lastKnownFileType = file.storyboard; path = Invitations.storyboard; sourceTree = "<group>"; };
		EDC4594C2236D71700B49392 /* Base */ = {isa = PBXFileReference; lastKnownFileType = file.storyboard; name = Base; path = Photobox/Base.lproj/CreateEvent.storyboard; sourceTree = "<group>"; };
		EDC4594E2236D7A600B49392 /* UserProfile.storyboard */ = {isa = PBXFileReference; fileEncoding = 4; lastKnownFileType = file.storyboard; path = UserProfile.storyboard; sourceTree = "<group>"; };
/* End PBXFileReference section */

/* Begin PBXFrameworksBuildPhase section */
		EDC4592E2236D26200B49392 /* Frameworks */ = {
			isa = PBXFrameworksBuildPhase;
			buildActionMask = 2147483647;
			files = (
				2FF71533223702F2007C9B36 /* CloudKit.framework in Frameworks */,
			);
			runOnlyForDeploymentPostprocessing = 0;
		};
/* End PBXFrameworksBuildPhase section */

/* Begin PBXGroup section */
		2FF71531223702F2007C9B36 /* Frameworks */ = {
			isa = PBXGroup;
			children = (
				2FF71532223702F2007C9B36 /* CloudKit.framework */,
			);
			name = Frameworks;
			sourceTree = "<group>";
		};
		2FF7156222380DFE007C9B36 /* Models */ = {
			isa = PBXGroup;
			children = (
				2FF7155A22380DF7007C9B36 /* Event.swift */,
				2FF7155D22380DF7007C9B36 /* User.swift */,
			);
			path = Models;
			sourceTree = "<group>";
		};
		2FF7156322380E10007C9B36 /* ModelControllers */ = {
			isa = PBXGroup;
			children = (
				2FF7155C22380DF7007C9B36 /* EventController.swift */,
				2FF7155B22380DF7007C9B36 /* UserController.swift */,
			);
			path = ModelControllers;
			sourceTree = "<group>";
		};
		2FF7156422380E25007C9B36 /* Resources */ = {
			isa = PBXGroup;
			children = (
				2FF7153422370323007C9B36 /* CloudKitManager.swift */,
				EDC459342236D26200B49392 /* AppDelegate.swift */,
				2FF7152E2236DDAF007C9B36 /* Assets.xcassets */,
				EDC4593D2236D26300B49392 /* LaunchScreen.storyboard */,
				EDC459402236D26300B49392 /* Info.plist */,
			);
			path = Resources;
			sourceTree = "<group>";
		};
		2FF7156622380E8D007C9B36 /* MainFeedViewControllers */ = {
			isa = PBXGroup;
			children = (
				2FF7156722380E8D007C9B36 /* FeedDetailViewController.swift */,
				2FF7156822380E8D007C9B36 /* SettingViewController.swift */,
				2FF7156922380E8D007C9B36 /* ActivityLogTableViewController.swift */,
				2FF7156A22380E8D007C9B36 /* MainFeedTableViewController.swift */,
				2FF7156B22380E8D007C9B36 /* EventTableViewCell.swift */,
				2FF7156C22380E8D007C9B36 /* EventPhotosCollectionViewController.swift */,
				2FF7156D22380E8D007C9B36 /* AttendeeEditViewController.swift */,
				2FF7156E22380E8D007C9B36 /* SegmentedControlViewController.swift */,
			);
			path = MainFeedViewControllers;
			sourceTree = "<group>";
		};
		2FF7156F22380E9D007C9B36 /* ViewControllers */ = {
			isa = PBXGroup;
			children = (
				2FF7157022380EAE007C9B36 /* CreateEventPage1ViewController.swift */,
				2FF7156622380E8D007C9B36 /* MainFeedViewControllers */,
			);
			name = ViewControllers;
			path = "New Group1";
			sourceTree = "<group>";
		};
		2FF7157222380EC2007C9B36 /* Controllers */ = {
			isa = PBXGroup;
			children = (
				2FF7156322380E10007C9B36 /* ModelControllers */,
				2FF7156F22380E9D007C9B36 /* ViewControllers */,
			);
			path = Controllers;
			sourceTree = "<group>";
		};
		2FF7157622381029007C9B36 /* Storyboards */ = {
			isa = PBXGroup;
			children = (
				2FF715752238101E007C9B36 /* Main.storyboard */,
			);
			name = Storyboards;
			path = Resources/Storyboards;
			sourceTree = "<group>";
		};
		EDC459282236D26200B49392 = {
			isa = PBXGroup;
			children = (
				EDC4594E2236D7A600B49392 /* UserProfile.storyboard */,
				EDC4594B2236D71700B49392 /* CreateEvent.storyboard */,
				EDC459462236D64400B49392 /* MainFeed.storyboard */,
				EDC459492236D6A700B49392 /* Invitations.storyboard */,
				EDC459332236D26200B49392 /* Photobox */,
				EDC459322236D26200B49392 /* Products */,
				2FF71531223702F2007C9B36 /* Frameworks */,
			);
			sourceTree = "<group>";
		};
		EDC459322236D26200B49392 /* Products */ = {
			isa = PBXGroup;
			children = (
				EDC459312236D26200B49392 /* Photobox.app */,
			);
			name = Products;
			sourceTree = "<group>";
		};
		EDC459332236D26200B49392 /* Photobox */ = {
			isa = PBXGroup;
			children = (
				2FF71530223702EF007C9B36 /* Photobox.entitlements */,
				2FF7156222380DFE007C9B36 /* Models */,
				2FF7157622381029007C9B36 /* Storyboards */,
				2FF7157222380EC2007C9B36 /* Controllers */,
				2FF7156422380E25007C9B36 /* Resources */,
			);
			path = Photobox;
			sourceTree = "<group>";
		};
/* End PBXGroup section */

/* Begin PBXNativeTarget section */
		EDC459302236D26200B49392 /* Photobox */ = {
			isa = PBXNativeTarget;
			buildConfigurationList = EDC459432236D26300B49392 /* Build configuration list for PBXNativeTarget "Photobox" */;
			buildPhases = (
				EDC4592D2236D26200B49392 /* Sources */,
				EDC4592E2236D26200B49392 /* Frameworks */,
				EDC4592F2236D26200B49392 /* Resources */,
			);
			buildRules = (
			);
			dependencies = (
			);
			name = Photobox;
			productName = Photobox;
			productReference = EDC459312236D26200B49392 /* Photobox.app */;
			productType = "com.apple.product-type.application";
		};
/* End PBXNativeTarget section */

/* Begin PBXProject section */
		EDC459292236D26200B49392 /* Project object */ = {
			isa = PBXProject;
			attributes = {
				LastSwiftUpdateCheck = 1010;
				LastUpgradeCheck = 1010;
				ORGANIZATIONNAME = "Nathan Andrus";
				TargetAttributes = {
					EDC459302236D26200B49392 = {
						CreatedOnToolsVersion = 10.1;
						SystemCapabilities = {
							com.apple.Push = {
								enabled = 1;
							};
							com.apple.iCloud = {
								enabled = 1;
							};
						};
					};
				};
			};
			buildConfigurationList = EDC4592C2236D26200B49392 /* Build configuration list for PBXProject "Photobox" */;
			compatibilityVersion = "Xcode 9.3";
			developmentRegion = en;
			hasScannedForEncodings = 0;
			knownRegions = (
				en,
				Base,
			);
			mainGroup = EDC459282236D26200B49392;
			productRefGroup = EDC459322236D26200B49392 /* Products */;
			projectDirPath = "";
			projectRoot = "";
			targets = (
				EDC459302236D26200B49392 /* Photobox */,
			);
		};
/* End PBXProject section */

/* Begin PBXResourcesBuildPhase section */
		EDC4592F2236D26200B49392 /* Resources */ = {
			isa = PBXResourcesBuildPhase;
			buildActionMask = 2147483647;
			files = (
				EDC4594F2236D7A600B49392 /* UserProfile.storyboard in Resources */,
				EDC4593F2236D26300B49392 /* LaunchScreen.storyboard in Resources */,
				EDC4594D2236D71700B49392 /* CreateEvent.storyboard in Resources */,
				2FF7152F2236DDB0007C9B36 /* Assets.xcassets in Resources */,
				EDC459482236D64400B49392 /* MainFeed.storyboard in Resources */,
				EDC4594A2236D6A700B49392 /* Invitations.storyboard in Resources */,
			);
			runOnlyForDeploymentPostprocessing = 0;
		};
/* End PBXResourcesBuildPhase section */

/* Begin PBXSourcesBuildPhase section */
		EDC4592D2236D26200B49392 /* Sources */ = {
			isa = PBXSourcesBuildPhase;
			buildActionMask = 2147483647;
			files = (
				2FF7155E22380DF7007C9B36 /* Event.swift in Sources */,
				2FF7153522370323007C9B36 /* CloudKitManager.swift in Sources */,
				2FF7156022380DF7007C9B36 /* EventController.swift in Sources */,
				2FF7155F22380DF7007C9B36 /* UserController.swift in Sources */,
				2FF7157122380EAE007C9B36 /* CreateEventPage1ViewController.swift in Sources */,
				EDC459352236D26200B49392 /* AppDelegate.swift in Sources */,
				2FF7156122380DF7007C9B36 /* User.swift in Sources */,
			);
			runOnlyForDeploymentPostprocessing = 0;
		};
/* End PBXSourcesBuildPhase section */

/* Begin PBXVariantGroup section */
		EDC4593D2236D26300B49392 /* LaunchScreen.storyboard */ = {
			isa = PBXVariantGroup;
			children = (
				EDC4593E2236D26300B49392 /* Base */,
			);
			name = LaunchScreen.storyboard;
			sourceTree = "<group>";
		};
		EDC459462236D64400B49392 /* MainFeed.storyboard */ = {
			isa = PBXVariantGroup;
			children = (
				EDC459472236D64400B49392 /* Base */,
			);
			name = MainFeed.storyboard;
			sourceTree = "<group>";
		};
		EDC4594B2236D71700B49392 /* CreateEvent.storyboard */ = {
			isa = PBXVariantGroup;
			children = (
				EDC4594C2236D71700B49392 /* Base */,
			);
			name = CreateEvent.storyboard;
			sourceTree = "<group>";
		};
/* End PBXVariantGroup section */

/* Begin XCBuildConfiguration section */
		EDC459412236D26300B49392 /* Debug */ = {
			isa = XCBuildConfiguration;
			buildSettings = {
				ALWAYS_SEARCH_USER_PATHS = NO;
				CLANG_ANALYZER_NONNULL = YES;
				CLANG_ANALYZER_NUMBER_OBJECT_CONVERSION = YES_AGGRESSIVE;
				CLANG_CXX_LANGUAGE_STANDARD = "gnu++14";
				CLANG_CXX_LIBRARY = "libc++";
				CLANG_ENABLE_MODULES = YES;
				CLANG_ENABLE_OBJC_ARC = YES;
				CLANG_ENABLE_OBJC_WEAK = YES;
				CLANG_WARN_BLOCK_CAPTURE_AUTORELEASING = YES;
				CLANG_WARN_BOOL_CONVERSION = YES;
				CLANG_WARN_COMMA = YES;
				CLANG_WARN_CONSTANT_CONVERSION = YES;
				CLANG_WARN_DEPRECATED_OBJC_IMPLEMENTATIONS = YES;
				CLANG_WARN_DIRECT_OBJC_ISA_USAGE = YES_ERROR;
				CLANG_WARN_DOCUMENTATION_COMMENTS = YES;
				CLANG_WARN_EMPTY_BODY = YES;
				CLANG_WARN_ENUM_CONVERSION = YES;
				CLANG_WARN_INFINITE_RECURSION = YES;
				CLANG_WARN_INT_CONVERSION = YES;
				CLANG_WARN_NON_LITERAL_NULL_CONVERSION = YES;
				CLANG_WARN_OBJC_IMPLICIT_RETAIN_SELF = YES;
				CLANG_WARN_OBJC_LITERAL_CONVERSION = YES;
				CLANG_WARN_OBJC_ROOT_CLASS = YES_ERROR;
				CLANG_WARN_RANGE_LOOP_ANALYSIS = YES;
				CLANG_WARN_STRICT_PROTOTYPES = YES;
				CLANG_WARN_SUSPICIOUS_MOVE = YES;
				CLANG_WARN_UNGUARDED_AVAILABILITY = YES_AGGRESSIVE;
				CLANG_WARN_UNREACHABLE_CODE = YES;
				CLANG_WARN__DUPLICATE_METHOD_MATCH = YES;
				CODE_SIGN_IDENTITY = "iPhone Developer";
				COPY_PHASE_STRIP = NO;
				DEBUG_INFORMATION_FORMAT = dwarf;
				ENABLE_STRICT_OBJC_MSGSEND = YES;
				ENABLE_TESTABILITY = YES;
				GCC_C_LANGUAGE_STANDARD = gnu11;
				GCC_DYNAMIC_NO_PIC = NO;
				GCC_NO_COMMON_BLOCKS = YES;
				GCC_OPTIMIZATION_LEVEL = 0;
				GCC_PREPROCESSOR_DEFINITIONS = (
					"DEBUG=1",
					"$(inherited)",
				);
				GCC_WARN_64_TO_32_BIT_CONVERSION = YES;
				GCC_WARN_ABOUT_RETURN_TYPE = YES_ERROR;
				GCC_WARN_UNDECLARED_SELECTOR = YES;
				GCC_WARN_UNINITIALIZED_AUTOS = YES_AGGRESSIVE;
				GCC_WARN_UNUSED_FUNCTION = YES;
				GCC_WARN_UNUSED_VARIABLE = YES;
				IPHONEOS_DEPLOYMENT_TARGET = 12.1;
				MTL_ENABLE_DEBUG_INFO = INCLUDE_SOURCE;
				MTL_FAST_MATH = YES;
				ONLY_ACTIVE_ARCH = YES;
				SDKROOT = iphoneos;
				SWIFT_ACTIVE_COMPILATION_CONDITIONS = DEBUG;
				SWIFT_OPTIMIZATION_LEVEL = "-Onone";
			};
			name = Debug;
		};
		EDC459422236D26300B49392 /* Release */ = {
			isa = XCBuildConfiguration;
			buildSettings = {
				ALWAYS_SEARCH_USER_PATHS = NO;
				CLANG_ANALYZER_NONNULL = YES;
				CLANG_ANALYZER_NUMBER_OBJECT_CONVERSION = YES_AGGRESSIVE;
				CLANG_CXX_LANGUAGE_STANDARD = "gnu++14";
				CLANG_CXX_LIBRARY = "libc++";
				CLANG_ENABLE_MODULES = YES;
				CLANG_ENABLE_OBJC_ARC = YES;
				CLANG_ENABLE_OBJC_WEAK = YES;
				CLANG_WARN_BLOCK_CAPTURE_AUTORELEASING = YES;
				CLANG_WARN_BOOL_CONVERSION = YES;
				CLANG_WARN_COMMA = YES;
				CLANG_WARN_CONSTANT_CONVERSION = YES;
				CLANG_WARN_DEPRECATED_OBJC_IMPLEMENTATIONS = YES;
				CLANG_WARN_DIRECT_OBJC_ISA_USAGE = YES_ERROR;
				CLANG_WARN_DOCUMENTATION_COMMENTS = YES;
				CLANG_WARN_EMPTY_BODY = YES;
				CLANG_WARN_ENUM_CONVERSION = YES;
				CLANG_WARN_INFINITE_RECURSION = YES;
				CLANG_WARN_INT_CONVERSION = YES;
				CLANG_WARN_NON_LITERAL_NULL_CONVERSION = YES;
				CLANG_WARN_OBJC_IMPLICIT_RETAIN_SELF = YES;
				CLANG_WARN_OBJC_LITERAL_CONVERSION = YES;
				CLANG_WARN_OBJC_ROOT_CLASS = YES_ERROR;
				CLANG_WARN_RANGE_LOOP_ANALYSIS = YES;
				CLANG_WARN_STRICT_PROTOTYPES = YES;
				CLANG_WARN_SUSPICIOUS_MOVE = YES;
				CLANG_WARN_UNGUARDED_AVAILABILITY = YES_AGGRESSIVE;
				CLANG_WARN_UNREACHABLE_CODE = YES;
				CLANG_WARN__DUPLICATE_METHOD_MATCH = YES;
				CODE_SIGN_IDENTITY = "iPhone Developer";
				COPY_PHASE_STRIP = NO;
				DEBUG_INFORMATION_FORMAT = "dwarf-with-dsym";
				ENABLE_NS_ASSERTIONS = NO;
				ENABLE_STRICT_OBJC_MSGSEND = YES;
				GCC_C_LANGUAGE_STANDARD = gnu11;
				GCC_NO_COMMON_BLOCKS = YES;
				GCC_WARN_64_TO_32_BIT_CONVERSION = YES;
				GCC_WARN_ABOUT_RETURN_TYPE = YES_ERROR;
				GCC_WARN_UNDECLARED_SELECTOR = YES;
				GCC_WARN_UNINITIALIZED_AUTOS = YES_AGGRESSIVE;
				GCC_WARN_UNUSED_FUNCTION = YES;
				GCC_WARN_UNUSED_VARIABLE = YES;
				IPHONEOS_DEPLOYMENT_TARGET = 12.1;
				MTL_ENABLE_DEBUG_INFO = NO;
				MTL_FAST_MATH = YES;
				SDKROOT = iphoneos;
				SWIFT_COMPILATION_MODE = wholemodule;
				SWIFT_OPTIMIZATION_LEVEL = "-O";
				VALIDATE_PRODUCT = YES;
			};
			name = Release;
		};
		EDC459442236D26300B49392 /* Debug */ = {
			isa = XCBuildConfiguration;
			buildSettings = {
				ASSETCATALOG_COMPILER_APPICON_NAME = AppIcon;
				CODE_SIGN_ENTITLEMENTS = Photobox/Photobox.entitlements;
				CODE_SIGN_STYLE = Automatic;
				DEVELOPMENT_TEAM = SUD83636UR;
				INFOPLIST_FILE = Photobox/Info.plist;
				LD_RUNPATH_SEARCH_PATHS = (
					"$(inherited)",
					"@executable_path/Frameworks",
				);
				PRODUCT_BUNDLE_IDENTIFIER = Andrus.Photobox;
				PRODUCT_NAME = "$(TARGET_NAME)";
				SWIFT_VERSION = 4.2;
				TARGETED_DEVICE_FAMILY = "1,2";
			};
			name = Debug;
		};
		EDC459452236D26300B49392 /* Release */ = {
			isa = XCBuildConfiguration;
			buildSettings = {
				ASSETCATALOG_COMPILER_APPICON_NAME = AppIcon;
				CODE_SIGN_ENTITLEMENTS = Photobox/Photobox.entitlements;
				CODE_SIGN_STYLE = Automatic;
				DEVELOPMENT_TEAM = SUD83636UR;
				INFOPLIST_FILE = Photobox/Info.plist;
				LD_RUNPATH_SEARCH_PATHS = (
					"$(inherited)",
					"@executable_path/Frameworks",
				);
				PRODUCT_BUNDLE_IDENTIFIER = Andrus.Photobox;
				PRODUCT_NAME = "$(TARGET_NAME)";
				SWIFT_VERSION = 4.2;
				TARGETED_DEVICE_FAMILY = "1,2";
			};
			name = Release;
		};
/* End XCBuildConfiguration section */

/* Begin XCConfigurationList section */
		EDC4592C2236D26200B49392 /* Build configuration list for PBXProject "Photobox" */ = {
			isa = XCConfigurationList;
			buildConfigurations = (
				EDC459412236D26300B49392 /* Debug */,
				EDC459422236D26300B49392 /* Release */,
			);
			defaultConfigurationIsVisible = 0;
			defaultConfigurationName = Release;
		};
		EDC459432236D26300B49392 /* Build configuration list for PBXNativeTarget "Photobox" */ = {
			isa = XCConfigurationList;
			buildConfigurations = (
				EDC459442236D26300B49392 /* Debug */,
				EDC459452236D26300B49392 /* Release */,
			);
			defaultConfigurationIsVisible = 0;
			defaultConfigurationName = Release;
		};
/* End XCConfigurationList section */
	};
	rootObject = EDC459292236D26200B49392 /* Project object */;
}
